
Microsoft Visual Studio Solution File, Format Version 12.00
# Visual Studio 14
VisualStudioVersion = 14.0.23107.0
MinimumVisualStudioVersion = 10.0.40219.1
Project("{FAE04EC0-301F-11D3-BF4B-00C04F79EFBC}") = "CrudTeste.Domain", "CrudTeste.Domain\CrudTeste.Domain.csproj", "{1B44DFE9-3A3E-4A92-A9BC-24332B4A21E9}"
EndProject
Project("{FAE04EC0-301F-11D3-BF4B-00C04F79EFBC}") = "CrudTeste.Infra", "CrudTeste.Infra\CrudTeste.Infra.csproj", "{B3AEEA24-5204-4240-8EA7-1B52A088F9A7}"
EndProject
Project("{FAE04EC0-301F-11D3-BF4B-00C04F79EFBC}") = "CRUDTeste.Api", "CRUDTeste.Api\CRUDTeste.Api.csproj", "{AF7100C1-D130-40C0-AB2A-3684835311C6}"
EndProject
Global
	GlobalSection(SolutionConfigurationPlatforms) = preSolution
		Debug|Any CPU = Debug|Any CPU
		Release|Any CPU = Release|Any CPU
	EndGlobalSection
	GlobalSection(ProjectConfigurationPlatforms) = postSolution
		{1B44DFE9-3A3E-4A92-A9BC-24332B4A21E9}.Debug|Any CPU.ActiveCfg = Debug|Any CPU
		{1B44DFE9-3A3E-4A92-A9BC-24332B4A21E9}.Debug|Any CPU.Build.0 = Debug|Any CPU
		{1B44DFE9-3A3E-4A92-A9BC-24332B4A21E9}.Release|Any CPU.ActiveCfg = Release|Any CPU
		{1B44DFE9-3A3E-4A92-A9BC-24332B4A21E9}.Release|Any CPU.Build.0 = Release|Any CPU
		{B3AEEA24-5204-4240-8EA7-1B52A088F9A7}.Debug|Any CPU.ActiveCfg = Debug|Any CPU
		{B3AEEA24-5204-4240-8EA7-1B52A088F9A7}.Debug|Any CPU.Build.0 = Debug|Any CPU
		{B3AEEA24-5204-4240-8EA7-1B52A088F9A7}.Release|Any CPU.ActiveCfg = Release|Any CPU
		{B3AEEA24-5204-4240-8EA7-1B52A088F9A7}.Release|Any CPU.Build.0 = Release|Any CPU
		{AF7100C1-D130-40C0-AB2A-3684835311C6}.Debug|Any CPU.ActiveCfg = Debug|Any CPU
		{AF7100C1-D130-40C0-AB2A-3684835311C6}.Debug|Any CPU.Build.0 = Debug|Any CPU
		{AF7100C1-D130-40C0-AB2A-3684835311C6}.Release|Any CPU.ActiveCfg = Release|Any CPU
		{AF7100C1-D130-40C0-AB2A-3684835311C6}.Release|Any CPU.Build.0 = Release|Any CPU
	EndGlobalSection
	GlobalSection(SolutionProperties) = preSolution
		HideSolutionNode = FALSE
	EndGlobalSection
EndGlobal
